github.com/fatih/structs v1.1.0 h1:Q7juDM0QtcnhCpeyLGQKyg4TOIghuNXrkL32pHAUMxo=
github.com/fatih/structs v1.1.0/go.mod h1:9NiDSp5zOcgEDl+j00MP/WkGVPOlPRLejGD8Ga6PJ7M=
github.com/reiver/go-ascii v0.0.0-20240302002050-442843e5ea02 h1:YviUVCHZw6gaxvLznXQTXp7LwaWzly80TXUsWxwPPi4=
github.com/reiver/go-ascii v0.0.0-20240302002050-442843e5ea02/go.mod h1:f43/Y1zpLvqorZN0BelarPzO2GrotAQrBy3T08NUSTM=
github.com/reiver/go-erorr v0.0.0-20240801233437-8cbde6d1fa3f h1:D1QSxKHm8U73XhjsW3SFLkT0zT5pKJi+1KGboMhY1Rk=
github.com/reiver/go-erorr v0.0.0-20240801233437-8cbde6d1fa3f/go.mod h1:F0HbBf+Ak2ZlE8YkDW4Y+KxaUmT0KaaIJK6CXY3cJxE=
github.com/reiver/go-errhttp v1.1.1-0.20240513035723-daf47d264c9c h1:C/ALE5tUOywYv2tqweTLOjH0BVkN5TTMDKY6qDTD/3Q=
github.com/reiver/go-errhttp v1.1.1-0.20240513035723-daf47d264c9c/go.mod h1:J55rONfn+39379roH0KxMCGv6w9ifhZIoSKaVswRUDk=
github.com/reiver/go-httpsse v0.0.0-20240806223648-6ed5a785f3f8 h1:HOpgKCgKqWYub73sQvWxamDqJ7G8P0tMk5wYBFUDblE=
github.com/reiver/go-httpsse v0.0.0-20240806223648-6ed5a785f3f8/go.mod h1:hABgQXG6IXrFbcy8C+VKEM3/tDZg3nZ4u82N/QvvH70=
github.com/reiver/go-jsonint v0.0.0-20240801233651-21b9c52057ee h1:DfEj/iGAIU8CtTcnttyU6t3lae0jl760fUGjxZhIHNU=
github.com/reiver/go-jsonint v0.0.0-20240801233651-21b9c52057ee/go.mod h1:1lW12ILqOxqtylQBMezy6oRuMQWlzFjeWF/Wbz/9U8g=
github.com/reiver/go-jsonpp v0.0.0-20240802002345-16cd4c5a34ee h1:KhA+fe6qjEw6ZbN3vjPICGL0NqR+rghYre4SQB0WWVs=
github.com/reiver/go-jsonpp v0.0.0-20240802002345-16cd4c5a34ee/go.mod h1:iubeYYU+lR1wqKssI6Sz1DK/Aw/N/qmRcam0wf8hYIs=
github.com/reiver/go-jsonstr v0.0.0-20240802000653-a5a8363975f1 h1:32ulBfhFKQIaRMuwCo2vi7FLOphgyKTZzJIk+LWmMOE=
github.com/reiver/go-jsonstr v0.0.0-20240802000653-a5a8363975f1/go.mod h1:/msMJNY8TjDYgO/h06wEuzTWGs1b37xbUo8FH/2aZqQ=
github.com/reiver/go-lck v0.0.0-20240805193248-0e30233d682d h1:ZhE9WGB09SR+AIAf+rTl1hWqeHwuBL3VlWl+QjeBcTw=
github.com/reiver/go-lck v0.0.0-20240805193248-0e30233d682d/go.mod h1:PFseSi8S0CBkc+YB6jYWtogPk83LumclnYJZZBQJJhs=
github.com/reiver/go-nul v0.0.0-20240801233226-90d138095e48 h1:+x7mICqo/GBI0B7I5obJM51wve8zcIsTW5kdctlO9pw=
github.com/reiver/go-nul v0.0.0-20240801233226-90d138095e48/go.mod h1:hN0edxyC/F7HMB86sn/ljqTJ0CrAeOCGMpCZJ2Nmtc4=
github.com/reiver/go-opt v0.0.0-20240704165441-4ce81358adfc h1:9ARo75fNaZDaGy6zzTrCnJWtkDMNigM7uMRRK8sUERM=
github.com/reiver/go-opt v0.0.0-20240704165441-4ce81358adfc/go.mod h1:Yu6dFKh0IZ0evP9U5QiBlxBa5BhlBzGEn7EZ1kP/pkA=
github.com/reiver/go-pathmatch v1.0.1-0.20240802004530-0dc31d85afa8 h1:3mxWa4FELLc6TbC00ZZTe30tYUZ8HN4IHaH0m7Y3SPc=
github.com/reiver/go-pathmatch v1.0.1-0.20240802004530-0dc31d85afa8/go.mod h1:SveMAOrJP7XCL3UlazOjQdKNCGG2T/E1zE6gDHfs3cA=
github.com/reiver/go-utf8 v2.0.2-0.20240806185936-5dd7c5557d34+incompatible h1:Ewax9SN/f+OibeHNDBPI2lsf1t17YRBvKDA4X7CU4vA=
github.com/reiver/go-utf8 v2.0.2-0.20240806185936-5dd7c5557d34+incompatible/go.mod h1:tfGntNDUeEZIAsz0mTu0lF7/IlErc+BpQgO6yxYmJig=
